
Microsoft Visual Studio Solution File, Format Version 12.00
# Visual Studio Version 16
VisualStudioVersion = 16.0.32106.194
MinimumVisualStudioVersion = 10.0.40219.1
Project("{FAE04EC0-301F-11D3-BF4B-00C04F79EFBC}") = "HomeWorkPAISTask3", "HomeWorkPAISTask3\HomeWorkPAISTask3.csproj", "{7C1F244D-97FA-4DD1-B8A4-E96547463A9B}"
EndProject
Global
	GlobalSection(SolutionConfigurationPlatforms) = preSolution
		Debug|Any CPU = Debug|Any CPU
		Release|Any CPU = Release|Any CPU
	EndGlobalSection
	GlobalSection(ProjectConfigurationPlatforms) = postSolution
		{7C1F244D-97FA-4DD1-B8A4-E96547463A9B}.Debug|Any CPU.ActiveCfg = Debug|Any CPU
		{7C1F244D-97FA-4DD1-B8A4-E96547463A9B}.Debug|Any CPU.Build.0 = Debug|Any CPU
		{7C1F244D-97FA-4DD1-B8A4-E96547463A9B}.Release|Any CPU.ActiveCfg = Release|Any CPU
		{7C1F244D-97FA-4DD1-B8A4-E96547463A9B}.Release|Any CPU.Build.0 = Release|Any CPU
	EndGlobalSection
	GlobalSection(SolutionProperties) = preSolution
		HideSolutionNode = FALSE
	EndGlobalSection
	GlobalSection(ExtensibilityGlobals) = postSolution
		SolutionGuid = {015AE539-8723-4F5E-AC65-5F3345AE368E}
	EndGlobalSection
EndGlobal
