
Microsoft Visual Studio Solution File, Format Version 12.00
# Visual Studio Version 16
VisualStudioVersion = 16.0.32106.194
MinimumVisualStudioVersion = 10.0.40219.1
Project("{FAE04EC0-301F-11D3-BF4B-00C04F79EFBC}") = "HomeWorkPAISTask1", "HomeWorkPAISTask1\HomeWorkPAISTask1.csproj", "{6B7EE4AF-6B44-40F2-A964-511D5F3465CC}"
EndProject
Global
	GlobalSection(SolutionConfigurationPlatforms) = preSolution
		Debug|Any CPU = Debug|Any CPU
		Release|Any CPU = Release|Any CPU
	EndGlobalSection
	GlobalSection(ProjectConfigurationPlatforms) = postSolution
		{6B7EE4AF-6B44-40F2-A964-511D5F3465CC}.Debug|Any CPU.ActiveCfg = Debug|Any CPU
		{6B7EE4AF-6B44-40F2-A964-511D5F3465CC}.Debug|Any CPU.Build.0 = Debug|Any CPU
		{6B7EE4AF-6B44-40F2-A964-511D5F3465CC}.Release|Any CPU.ActiveCfg = Release|Any CPU
		{6B7EE4AF-6B44-40F2-A964-511D5F3465CC}.Release|Any CPU.Build.0 = Release|Any CPU
	EndGlobalSection
	GlobalSection(SolutionProperties) = preSolution
		HideSolutionNode = FALSE
	EndGlobalSection
	GlobalSection(ExtensibilityGlobals) = postSolution
		SolutionGuid = {0B803AD2-5A37-408D-869B-6470D44E4C47}
	EndGlobalSection
EndGlobal
